
Microsoft Visual Studio Solution File, Format Version 12.00
# Visual Studio 14
VisualStudioVersion = 14.0.24720.0
MinimumVisualStudioVersion = 10.0.40219.1
Project("{FAE04EC0-301F-11D3-BF4B-00C04F79EFBC}") = "ControlTest", "ControlTest\ControlTest.csproj", "{6258BBE3-F67F-4A26-962A-006C7BAE461F}"
EndProject
Project("{FAE04EC0-301F-11D3-BF4B-00C04F79EFBC}") = "MSDNFinder", "MSDNFinder\MSDNFinder.csproj", "{61F4F17B-66CA-4A3F-8046-EC3F71343456}"
EndProject
Project("{FAE04EC0-301F-11D3-BF4B-00C04F79EFBC}") = "Common", "Common\Common.csproj", "{FCCA6A80-C3E5-40C9-ACDE-15A197EE54AC}"
EndProject
Project("{8BC9CEB8-8B4A-11D0-8D11-00A0C91BC942}") = "CommonLib", "CommonLib\CommonLib.vcxproj", "{89D48117-9EED-4001-8CF1-251B04F45953}"
EndProject
Project("{8BC9CEB8-8B4A-11D0-8D11-00A0C91BC942}") = "CommonCom", "CommonCom\CommonCom.vcxproj", "{677AF4B5-A322-4896-9373-86D9F163E269}"
EndProject
Global
	GlobalSection(SolutionConfigurationPlatforms) = preSolution
		Debug|Any CPU = Debug|Any CPU
		Debug|ARM = Debug|ARM
		Debug|x64 = Debug|x64
		Debug|x86 = Debug|x86
		Release|Any CPU = Release|Any CPU
		Release|ARM = Release|ARM
		Release|x64 = Release|x64
		Release|x86 = Release|x86
	EndGlobalSection
	GlobalSection(ProjectConfigurationPlatforms) = postSolution
		{6258BBE3-F67F-4A26-962A-006C7BAE461F}.Debug|Any CPU.ActiveCfg = Debug|x86
		{6258BBE3-F67F-4A26-962A-006C7BAE461F}.Debug|ARM.ActiveCfg = Debug|ARM
		{6258BBE3-F67F-4A26-962A-006C7BAE461F}.Debug|ARM.Build.0 = Debug|ARM
		{6258BBE3-F67F-4A26-962A-006C7BAE461F}.Debug|ARM.Deploy.0 = Debug|ARM
		{6258BBE3-F67F-4A26-962A-006C7BAE461F}.Debug|x64.ActiveCfg = Debug|x64
		{6258BBE3-F67F-4A26-962A-006C7BAE461F}.Debug|x64.Build.0 = Debug|x64
		{6258BBE3-F67F-4A26-962A-006C7BAE461F}.Debug|x64.Deploy.0 = Debug|x64
		{6258BBE3-F67F-4A26-962A-006C7BAE461F}.Debug|x86.ActiveCfg = Debug|x86
		{6258BBE3-F67F-4A26-962A-006C7BAE461F}.Debug|x86.Build.0 = Debug|x86
		{6258BBE3-F67F-4A26-962A-006C7BAE461F}.Debug|x86.Deploy.0 = Debug|x86
		{6258BBE3-F67F-4A26-962A-006C7BAE461F}.Release|Any CPU.ActiveCfg = Release|x86
		{6258BBE3-F67F-4A26-962A-006C7BAE461F}.Release|ARM.ActiveCfg = Release|ARM
		{6258BBE3-F67F-4A26-962A-006C7BAE461F}.Release|ARM.Build.0 = Release|ARM
		{6258BBE3-F67F-4A26-962A-006C7BAE461F}.Release|ARM.Deploy.0 = Release|ARM
		{6258BBE3-F67F-4A26-962A-006C7BAE461F}.Release|x64.ActiveCfg = Release|x64
		{6258BBE3-F67F-4A26-962A-006C7BAE461F}.Release|x64.Build.0 = Release|x64
		{6258BBE3-F67F-4A26-962A-006C7BAE461F}.Release|x64.Deploy.0 = Release|x64
		{6258BBE3-F67F-4A26-962A-006C7BAE461F}.Release|x86.ActiveCfg = Release|x86
		{6258BBE3-F67F-4A26-962A-006C7BAE461F}.Release|x86.Build.0 = Release|x86
		{6258BBE3-F67F-4A26-962A-006C7BAE461F}.Release|x86.Deploy.0 = Release|x86
		{61F4F17B-66CA-4A3F-8046-EC3F71343456}.Debug|Any CPU.ActiveCfg = Debug|x86
		{61F4F17B-66CA-4A3F-8046-EC3F71343456}.Debug|ARM.ActiveCfg = Debug|ARM
		{61F4F17B-66CA-4A3F-8046-EC3F71343456}.Debug|ARM.Build.0 = Debug|ARM
		{61F4F17B-66CA-4A3F-8046-EC3F71343456}.Debug|ARM.Deploy.0 = Debug|ARM
		{61F4F17B-66CA-4A3F-8046-EC3F71343456}.Debug|x64.ActiveCfg = Debug|x64
		{61F4F17B-66CA-4A3F-8046-EC3F71343456}.Debug|x64.Build.0 = Debug|x64
		{61F4F17B-66CA-4A3F-8046-EC3F71343456}.Debug|x64.Deploy.0 = Debug|x64
		{61F4F17B-66CA-4A3F-8046-EC3F71343456}.Debug|x86.ActiveCfg = Debug|x86
		{61F4F17B-66CA-4A3F-8046-EC3F71343456}.Debug|x86.Build.0 = Debug|x86
		{61F4F17B-66CA-4A3F-8046-EC3F71343456}.Debug|x86.Deploy.0 = Debug|x86
		{61F4F17B-66CA-4A3F-8046-EC3F71343456}.Release|Any CPU.ActiveCfg = Release|x86
		{61F4F17B-66CA-4A3F-8046-EC3F71343456}.Release|ARM.ActiveCfg = Release|ARM
		{61F4F17B-66CA-4A3F-8046-EC3F71343456}.Release|ARM.Build.0 = Release|ARM
		{61F4F17B-66CA-4A3F-8046-EC3F71343456}.Release|ARM.Deploy.0 = Release|ARM
		{61F4F17B-66CA-4A3F-8046-EC3F71343456}.Release|x64.ActiveCfg = Release|x64
		{61F4F17B-66CA-4A3F-8046-EC3F71343456}.Release|x64.Build.0 = Release|x64
		{61F4F17B-66CA-4A3F-8046-EC3F71343456}.Release|x64.Deploy.0 = Release|x64
		{61F4F17B-66CA-4A3F-8046-EC3F71343456}.Release|x86.ActiveCfg = Release|x86
		{61F4F17B-66CA-4A3F-8046-EC3F71343456}.Release|x86.Build.0 = Release|x86
		{61F4F17B-66CA-4A3F-8046-EC3F71343456}.Release|x86.Deploy.0 = Release|x86
		{FCCA6A80-C3E5-40C9-ACDE-15A197EE54AC}.Debug|Any CPU.ActiveCfg = Debug|Any CPU
		{FCCA6A80-C3E5-40C9-ACDE-15A197EE54AC}.Debug|Any CPU.Build.0 = Debug|Any CPU
		{FCCA6A80-C3E5-40C9-ACDE-15A197EE54AC}.Debug|ARM.ActiveCfg = Debug|ARM
		{FCCA6A80-C3E5-40C9-ACDE-15A197EE54AC}.Debug|ARM.Build.0 = Debug|ARM
		{FCCA6A80-C3E5-40C9-ACDE-15A197EE54AC}.Debug|x64.ActiveCfg = Debug|x64
		{FCCA6A80-C3E5-40C9-ACDE-15A197EE54AC}.Debug|x64.Build.0 = Debug|x64
		{FCCA6A80-C3E5-40C9-ACDE-15A197EE54AC}.Debug|x86.ActiveCfg = Debug|x86
		{FCCA6A80-C3E5-40C9-ACDE-15A197EE54AC}.Debug|x86.Build.0 = Debug|x86
		{FCCA6A80-C3E5-40C9-ACDE-15A197EE54AC}.Release|Any CPU.ActiveCfg = Release|Any CPU
		{FCCA6A80-C3E5-40C9-ACDE-15A197EE54AC}.Release|Any CPU.Build.0 = Release|Any CPU
		{FCCA6A80-C3E5-40C9-ACDE-15A197EE54AC}.Release|ARM.ActiveCfg = Release|ARM
		{FCCA6A80-C3E5-40C9-ACDE-15A197EE54AC}.Release|ARM.Build.0 = Release|ARM
		{FCCA6A80-C3E5-40C9-ACDE-15A197EE54AC}.Release|x64.ActiveCfg = Release|x64
		{FCCA6A80-C3E5-40C9-ACDE-15A197EE54AC}.Release|x64.Build.0 = Release|x64
		{FCCA6A80-C3E5-40C9-ACDE-15A197EE54AC}.Release|x86.ActiveCfg = Release|x86
		{FCCA6A80-C3E5-40C9-ACDE-15A197EE54AC}.Release|x86.Build.0 = Release|x86
		{89D48117-9EED-4001-8CF1-251B04F45953}.Debug|Any CPU.ActiveCfg = Debug|Win32
		{89D48117-9EED-4001-8CF1-251B04F45953}.Debug|ARM.ActiveCfg = Debug|ARM
		{89D48117-9EED-4001-8CF1-251B04F45953}.Debug|ARM.Build.0 = Debug|ARM
		{89D48117-9EED-4001-8CF1-251B04F45953}.Debug|x64.ActiveCfg = Debug|x64
		{89D48117-9EED-4001-8CF1-251B04F45953}.Debug|x64.Build.0 = Debug|x64
		{89D48117-9EED-4001-8CF1-251B04F45953}.Debug|x86.ActiveCfg = Debug|Win32
		{89D48117-9EED-4001-8CF1-251B04F45953}.Debug|x86.Build.0 = Debug|Win32
		{89D48117-9EED-4001-8CF1-251B04F45953}.Release|Any CPU.ActiveCfg = Release|Win32
		{89D48117-9EED-4001-8CF1-251B04F45953}.Release|ARM.ActiveCfg = Release|ARM
		{89D48117-9EED-4001-8CF1-251B04F45953}.Release|ARM.Build.0 = Release|ARM
		{89D48117-9EED-4001-8CF1-251B04F45953}.Release|x64.ActiveCfg = Release|x64
		{89D48117-9EED-4001-8CF1-251B04F45953}.Release|x64.Build.0 = Release|x64
		{89D48117-9EED-4001-8CF1-251B04F45953}.Release|x86.ActiveCfg = Release|Win32
		{89D48117-9EED-4001-8CF1-251B04F45953}.Release|x86.Build.0 = Release|Win32
		{677AF4B5-A322-4896-9373-86D9F163E269}.Debug|Any CPU.ActiveCfg = Debug|Win32
		{677AF4B5-A322-4896-9373-86D9F163E269}.Debug|ARM.ActiveCfg = Debug|ARM
		{677AF4B5-A322-4896-9373-86D9F163E269}.Debug|ARM.Build.0 = Debug|ARM
		{677AF4B5-A322-4896-9373-86D9F163E269}.Debug|x64.ActiveCfg = Debug|x64
		{677AF4B5-A322-4896-9373-86D9F163E269}.Debug|x64.Build.0 = Debug|x64
		{677AF4B5-A322-4896-9373-86D9F163E269}.Debug|x86.ActiveCfg = Debug|Win32
		{677AF4B5-A322-4896-9373-86D9F163E269}.Debug|x86.Build.0 = Debug|Win32
		{677AF4B5-A322-4896-9373-86D9F163E269}.Release|Any CPU.ActiveCfg = Release|Win32
		{677AF4B5-A322-4896-9373-86D9F163E269}.Release|ARM.ActiveCfg = Release|ARM
		{677AF4B5-A322-4896-9373-86D9F163E269}.Release|ARM.Build.0 = Release|ARM
		{677AF4B5-A322-4896-9373-86D9F163E269}.Release|x64.ActiveCfg = Release|x64
		{677AF4B5-A322-4896-9373-86D9F163E269}.Release|x64.Build.0 = Release|x64
		{677AF4B5-A322-4896-9373-86D9F163E269}.Release|x86.ActiveCfg = Release|Win32
		{677AF4B5-A322-4896-9373-86D9F163E269}.Release|x86.Build.0 = Release|Win32
	EndGlobalSection
	GlobalSection(SolutionProperties) = preSolution
		HideSolutionNode = FALSE
	EndGlobalSection
EndGlobal
